
Microsoft Visual Studio Solution File, Format Version 12.00
# Visual Studio Version 16
VisualStudioVersion = 16.0.31025.194
MinimumVisualStudioVersion = 10.0.40219.1
Project("{FAE04EC0-301F-11D3-BF4B-00C04F79EFBC}") = "HelloWorld", "HelloWorld\HelloWorld.csproj", "{174188D3-88DC-43B1-8C66-7915A43D1CAD}"
EndProject
Global
	GlobalSection(SolutionConfigurationPlatforms) = preSolution
		Debug|Any CPU = Debug|Any CPU
		Release|Any CPU = Release|Any CPU
	EndGlobalSection
	GlobalSection(ProjectConfigurationPlatforms) = postSolution
		{174188D3-88DC-43B1-8C66-7915A43D1CAD}.Debug|Any CPU.ActiveCfg = Debug|Any CPU
		{174188D3-88DC-43B1-8C66-7915A43D1CAD}.Debug|Any CPU.Build.0 = Debug|Any CPU
		{174188D3-88DC-43B1-8C66-7915A43D1CAD}.Release|Any CPU.ActiveCfg = Release|Any CPU
		{174188D3-88DC-43B1-8C66-7915A43D1CAD}.Release|Any CPU.Build.0 = Release|Any CPU
	EndGlobalSection
	GlobalSection(SolutionProperties) = preSolution
		HideSolutionNode = FALSE
	EndGlobalSection
	GlobalSection(ExtensibilityGlobals) = postSolution
		SolutionGuid = {C24EE50D-D90C-4264-8DD6-D83EE19CDB31}
	EndGlobalSection
EndGlobal
