
Microsoft Visual Studio Solution File, Format Version 12.00
# Visual Studio Version 16
VisualStudioVersion = 16.0.31025.194
MinimumVisualStudioVersion = 10.0.40219.1
Project("{FAE04EC0-301F-11D3-BF4B-00C04F79EFBC}") = "Array", "Array\Array.csproj", "{01C3C69C-6266-43A0-B853-4490C2DFF798}"
EndProject
Global
	GlobalSection(SolutionConfigurationPlatforms) = preSolution
		Debug|Any CPU = Debug|Any CPU
		Release|Any CPU = Release|Any CPU
	EndGlobalSection
	GlobalSection(ProjectConfigurationPlatforms) = postSolution
		{01C3C69C-6266-43A0-B853-4490C2DFF798}.Debug|Any CPU.ActiveCfg = Debug|Any CPU
		{01C3C69C-6266-43A0-B853-4490C2DFF798}.Debug|Any CPU.Build.0 = Debug|Any CPU
		{01C3C69C-6266-43A0-B853-4490C2DFF798}.Release|Any CPU.ActiveCfg = Release|Any CPU
		{01C3C69C-6266-43A0-B853-4490C2DFF798}.Release|Any CPU.Build.0 = Release|Any CPU
	EndGlobalSection
	GlobalSection(SolutionProperties) = preSolution
		HideSolutionNode = FALSE
	EndGlobalSection
	GlobalSection(ExtensibilityGlobals) = postSolution
		SolutionGuid = {BDC79936-79DF-49A9-BB14-33787D320C1E}
	EndGlobalSection
EndGlobal
